// !$*UTF8*$!
{
	archiveVersion = 1;
	classes = {
	};
	objectVersion = 56;
	objects = {

/* Begin PBXBuildFile section */
		8B885D9F69E77B95410732C2 /* Pods_InstagramClone.framework in Frameworks */ = {isa = PBXBuildFile; fileRef = 137FDFAE9A7F8639D147AC96 /* Pods_InstagramClone.framework */; };
		DE21BE3729B4E8DA006CC365 /* ExtensionUIColor.swift in Sources */ = {isa = PBXBuildFile; fileRef = DE21BE3629B4E8DA006CC365 /* ExtensionUIColor.swift */; };
		DE21BE3929B4EE0F006CC365 /* GoogleService-Info.plist in Resources */ = {isa = PBXBuildFile; fileRef = DE21BE3829B4EE0F006CC365 /* GoogleService-Info.plist */; };
		DE7326C929C739E100F517A5 /* Kullanici.swift in Sources */ = {isa = PBXBuildFile; fileRef = DE7326C829C739E100F517A5 /* Kullanici.swift */; };
		DE73E4D529C8CCFE004DCEAF /* OturumAcContorller.swift in Sources */ = {isa = PBXBuildFile; fileRef = DE73E4D429C8CCFE004DCEAF /* OturumAcContorller.swift */; };
		DE90E8D829B5ED79008604F9 /* AnaTabBarController.swift in Sources */ = {isa = PBXBuildFile; fileRef = DE90E8D729B5ED79008604F9 /* AnaTabBarController.swift */; };
		DE90E8DA29B5EE55008604F9 /* KullaniciProfilController.swift in Sources */ = {isa = PBXBuildFile; fileRef = DE90E8D929B5EE55008604F9 /* KullaniciProfilController.swift */; };
		DE90E8DD29B5F6A4008604F9 /* KullaniciProfilHeader.swift in Sources */ = {isa = PBXBuildFile; fileRef = DE90E8DC29B5F6A4008604F9 /* KullaniciProfilHeader.swift */; };
		DE9D3D0E29B35BA400792A64 /* AppDelegate.swift in Sources */ = {isa = PBXBuildFile; fileRef = DE9D3D0D29B35BA400792A64 /* AppDelegate.swift */; };
		DE9D3D1029B35BA400792A64 /* SceneDelegate.swift in Sources */ = {isa = PBXBuildFile; fileRef = DE9D3D0F29B35BA400792A64 /* SceneDelegate.swift */; };
		DE9D3D1229B35BA400792A64 /* KayitOlController.swift in Sources */ = {isa = PBXBuildFile; fileRef = DE9D3D1129B35BA400792A64 /* KayitOlController.swift */; };
		DE9D3D1529B35BA400792A64 /* Main.storyboard in Resources */ = {isa = PBXBuildFile; fileRef = DE9D3D1329B35BA400792A64 /* Main.storyboard */; };
		DE9D3D1729B35BA500792A64 /* Assets.xcassets in Resources */ = {isa = PBXBuildFile; fileRef = DE9D3D1629B35BA500792A64 /* Assets.xcassets */; };
		DE9D3D1A29B35BA500792A64 /* LaunchScreen.storyboard in Resources */ = {isa = PBXBuildFile; fileRef = DE9D3D1829B35BA500792A64 /* LaunchScreen.storyboard */; };
/* End PBXBuildFile section */

/* Begin PBXFileReference section */
		02E5D6B37ACD4BD904F99836 /* Pods-InstagramClone.debug.xcconfig */ = {isa = PBXFileReference; includeInIndex = 1; lastKnownFileType = text.xcconfig; name = "Pods-InstagramClone.debug.xcconfig"; path = "Target Support Files/Pods-InstagramClone/Pods-InstagramClone.debug.xcconfig"; sourceTree = "<group>"; };
		137FDFAE9A7F8639D147AC96 /* Pods_InstagramClone.framework */ = {isa = PBXFileReference; explicitFileType = wrapper.framework; includeInIndex = 0; path = Pods_InstagramClone.framework; sourceTree = BUILT_PRODUCTS_DIR; };
		53AE5AE2CABF9D51377F97E8 /* Pods-InstagramClone.release.xcconfig */ = {isa = PBXFileReference; includeInIndex = 1; lastKnownFileType = text.xcconfig; name = "Pods-InstagramClone.release.xcconfig"; path = "Target Support Files/Pods-InstagramClone/Pods-InstagramClone.release.xcconfig"; sourceTree = "<group>"; };
		DE21BE3629B4E8DA006CC365 /* ExtensionUIColor.swift */ = {isa = PBXFileReference; lastKnownFileType = sourcecode.swift; path = ExtensionUIColor.swift; sourceTree = "<group>"; };
		DE21BE3829B4EE0F006CC365 /* GoogleService-Info.plist */ = {isa = PBXFileReference; fileEncoding = 4; lastKnownFileType = text.plist.xml; path = "GoogleService-Info.plist"; sourceTree = "<group>"; };
		DE7326C829C739E100F517A5 /* Kullanici.swift */ = {isa = PBXFileReference; lastKnownFileType = sourcecode.swift; path = Kullanici.swift; sourceTree = "<group>"; };
		DE73E4D429C8CCFE004DCEAF /* OturumAcContorller.swift */ = {isa = PBXFileReference; lastKnownFileType = sourcecode.swift; path = OturumAcContorller.swift; sourceTree = "<group>"; };
		DE90E8D729B5ED79008604F9 /* AnaTabBarController.swift */ = {isa = PBXFileReference; lastKnownFileType = sourcecode.swift; path = AnaTabBarController.swift; sourceTree = "<group>"; };
		DE90E8D929B5EE55008604F9 /* KullaniciProfilController.swift */ = {isa = PBXFileReference; lastKnownFileType = sourcecode.swift; path = KullaniciProfilController.swift; sourceTree = "<group>"; };
		DE90E8DC29B5F6A4008604F9 /* KullaniciProfilHeader.swift */ = {isa = PBXFileReference; lastKnownFileType = sourcecode.swift; path = KullaniciProfilHeader.swift; sourceTree = "<group>"; };
		DE9D3D0A29B35BA400792A64 /* InstagramClone.app */ = {isa = PBXFileReference; explicitFileType = wrapper.application; includeInIndex = 0; path = InstagramClone.app; sourceTree = BUILT_PRODUCTS_DIR; };
		DE9D3D0D29B35BA400792A64 /* AppDelegate.swift */ = {isa = PBXFileReference; lastKnownFileType = sourcecode.swift; path = AppDelegate.swift; sourceTree = "<group>"; };
		DE9D3D0F29B35BA400792A64 /* SceneDelegate.swift */ = {isa = PBXFileReference; lastKnownFileType = sourcecode.swift; path = SceneDelegate.swift; sourceTree = "<group>"; };
		DE9D3D1129B35BA400792A64 /* KayitOlController.swift */ = {isa = PBXFileReference; lastKnownFileType = sourcecode.swift; path = KayitOlController.swift; sourceTree = "<group>"; };
		DE9D3D1429B35BA400792A64 /* Base */ = {isa = PBXFileReference; lastKnownFileType = file.storyboard; name = Base; path = Base.lproj/Main.storyboard; sourceTree = "<group>"; };
		DE9D3D1629B35BA500792A64 /* Assets.xcassets */ = {isa = PBXFileReference; lastKnownFileType = folder.assetcatalog; path = Assets.xcassets; sourceTree = "<group>"; };
		DE9D3D1929B35BA500792A64 /* Base */ = {isa = PBXFileReference; lastKnownFileType = file.storyboard; name = Base; path = Base.lproj/LaunchScreen.storyboard; sourceTree = "<group>"; };
		DE9D3D1B29B35BA500792A64 /* Info.plist */ = {isa = PBXFileReference; lastKnownFileType = text.plist.xml; path = Info.plist; sourceTree = "<group>"; };
/* End PBXFileReference section */

/* Begin PBXFrameworksBuildPhase section */
		DE9D3D0729B35BA400792A64 /* Frameworks */ = {
			isa = PBXFrameworksBuildPhase;
			buildActionMask = 2147483647;
			files = (
				8B885D9F69E77B95410732C2 /* Pods_InstagramClone.framework in Frameworks */,
			);
			runOnlyForDeploymentPostprocessing = 0;
		};
/* End PBXFrameworksBuildPhase section */

/* Begin PBXGroup section */
		8DCA728FFF9A4296383C4DBF /* Pods */ = {
			isa = PBXGroup;
			children = (
				02E5D6B37ACD4BD904F99836 /* Pods-InstagramClone.debug.xcconfig */,
				53AE5AE2CABF9D51377F97E8 /* Pods-InstagramClone.release.xcconfig */,
			);
			path = Pods;
			sourceTree = "<group>";
		};
		BC8FB006E30B57BE356023D2 /* Frameworks */ = {
			isa = PBXGroup;
			children = (
				137FDFAE9A7F8639D147AC96 /* Pods_InstagramClone.framework */,
			);
			name = Frameworks;
			sourceTree = "<group>";
		};
		DE21BE3529B4E8AD006CC365 /* Extensions */ = {
			isa = PBXGroup;
			children = (
				DE21BE3629B4E8DA006CC365 /* ExtensionUIColor.swift */,
			);
			path = Extensions;
			sourceTree = "<group>";
		};
		DE7326C729C739D300F517A5 /* Model */ = {
			isa = PBXGroup;
			children = (
				DE7326C829C739E100F517A5 /* Kullanici.swift */,
			);
			path = Model;
			sourceTree = "<group>";
		};
		DE73E4D329C8CCE9004DCEAF /* OturumAc */ = {
			isa = PBXGroup;
			children = (
				DE73E4D429C8CCFE004DCEAF /* OturumAcContorller.swift */,
			);
			path = OturumAc;
			sourceTree = "<group>";
		};
		DE90E8DB29B5F687008604F9 /* KullaniciProfil */ = {
			isa = PBXGroup;
			children = (
				DE90E8D929B5EE55008604F9 /* KullaniciProfilController.swift */,
				DE90E8DC29B5F6A4008604F9 /* KullaniciProfilHeader.swift */,
			);
			path = KullaniciProfil;
			sourceTree = "<group>";
		};
		DE9D3D0129B35BA400792A64 = {
			isa = PBXGroup;
			children = (
				DE9D3D0C29B35BA400792A64 /* InstagramClone */,
				DE9D3D0B29B35BA400792A64 /* Products */,
				8DCA728FFF9A4296383C4DBF /* Pods */,
				BC8FB006E30B57BE356023D2 /* Frameworks */,
			);
			sourceTree = "<group>";
		};
		DE9D3D0B29B35BA400792A64 /* Products */ = {
			isa = PBXGroup;
			children = (
				DE9D3D0A29B35BA400792A64 /* InstagramClone.app */,
			);
			name = Products;
			sourceTree = "<group>";
		};
		DE9D3D0C29B35BA400792A64 /* InstagramClone */ = {
			isa = PBXGroup;
			children = (
				DE73E4D329C8CCE9004DCEAF /* OturumAc */,
				DE7326C729C739D300F517A5 /* Model */,
				DE90E8DB29B5F687008604F9 /* KullaniciProfil */,
				DE21BE3529B4E8AD006CC365 /* Extensions */,
				DE9D3D0D29B35BA400792A64 /* AppDelegate.swift */,
				DE9D3D0F29B35BA400792A64 /* SceneDelegate.swift */,
				DE90E8D729B5ED79008604F9 /* AnaTabBarController.swift */,
				DE9D3D1129B35BA400792A64 /* KayitOlController.swift */,
				DE9D3D1329B35BA400792A64 /* Main.storyboard */,
				DE9D3D1629B35BA500792A64 /* Assets.xcassets */,
				DE9D3D1829B35BA500792A64 /* LaunchScreen.storyboard */,
				DE9D3D1B29B35BA500792A64 /* Info.plist */,
				DE21BE3829B4EE0F006CC365 /* GoogleService-Info.plist */,
			);
			path = InstagramClone;
			sourceTree = "<group>";
		};
/* End PBXGroup section */

/* Begin PBXNativeTarget section */
		DE9D3D0929B35BA400792A64 /* InstagramClone */ = {
			isa = PBXNativeTarget;
			buildConfigurationList = DE9D3D1E29B35BA500792A64 /* Build configuration list for PBXNativeTarget "InstagramClone" */;
			buildPhases = (
				A4A1906B260F5561F1BB93F5 /* [CP] Check Pods Manifest.lock */,
				DE9D3D0629B35BA400792A64 /* Sources */,
				DE9D3D0729B35BA400792A64 /* Frameworks */,
				DE9D3D0829B35BA400792A64 /* Resources */,
				CC5821DBE97A87AB0838D4AE /* [CP] Embed Pods Frameworks */,
			);
			buildRules = (
			);
			dependencies = (
			);
			name = InstagramClone;
			productName = InstagramClone;
			productReference = DE9D3D0A29B35BA400792A64 /* InstagramClone.app */;
			productType = "com.apple.product-type.application";
		};
/* End PBXNativeTarget section */

/* Begin PBXProject section */
		DE9D3D0229B35BA400792A64 /* Project object */ = {
			isa = PBXProject;
			attributes = {
				BuildIndependentTargetsInParallel = 1;
				LastSwiftUpdateCheck = 1410;
				LastUpgradeCheck = 1410;
				TargetAttributes = {
					DE9D3D0929B35BA400792A64 = {
						CreatedOnToolsVersion = 14.1;
					};
				};
			};
			buildConfigurationList = DE9D3D0529B35BA400792A64 /* Build configuration list for PBXProject "InstagramClone" */;
			compatibilityVersion = "Xcode 14.0";
			developmentRegion = en;
			hasScannedForEncodings = 0;
			knownRegions = (
				en,
				Base,
			);
			mainGroup = DE9D3D0129B35BA400792A64;
			productRefGroup = DE9D3D0B29B35BA400792A64 /* Products */;
			projectDirPath = "";
			projectRoot = "";
			targets = (
				DE9D3D0929B35BA400792A64 /* InstagramClone */,
			);
		};
/* End PBXProject section */

/* Begin PBXResourcesBuildPhase section */
		DE9D3D0829B35BA400792A64 /* Resources */ = {
			isa = PBXResourcesBuildPhase;
			buildActionMask = 2147483647;
			files = (
				DE9D3D1A29B35BA500792A64 /* LaunchScreen.storyboard in Resources */,
				DE21BE3929B4EE0F006CC365 /* GoogleService-Info.plist in Resources */,
				DE9D3D1729B35BA500792A64 /* Assets.xcassets in Resources */,
				DE9D3D1529B35BA400792A64 /* Main.storyboard in Resources */,
			);
			runOnlyForDeploymentPostprocessing = 0;
		};
/* End PBXResourcesBuildPhase section */

/* Begin PBXShellScriptBuildPhase section */
		A4A1906B260F5561F1BB93F5 /* [CP] Check Pods Manifest.lock */ = {
			isa = PBXShellScriptBuildPhase;
			buildActionMask = 2147483647;
			files = (
			);
			inputFileListPaths = (
			);
			inputPaths = (
				"${PODS_PODFILE_DIR_PATH}/Podfile.lock",
				"${PODS_ROOT}/Manifest.lock",
			);
			name = "[CP] Check Pods Manifest.lock";
			outputFileListPaths = (
			);
			outputPaths = (
				"$(DERIVED_FILE_DIR)/Pods-InstagramClone-checkManifestLockResult.txt",
			);
			runOnlyForDeploymentPostprocessing = 0;
			shellPath = /bin/sh;
			shellScript = "diff \"${PODS_PODFILE_DIR_PATH}/Podfile.lock\" \"${PODS_ROOT}/Manifest.lock\" > /dev/null\nif [ $? != 0 ] ; then\n    # print error to STDERR\n    echo \"error: The sandbox is not in sync with the Podfile.lock. Run 'pod install' or update your CocoaPods installation.\" >&2\n    exit 1\nfi\n# This output is used by Xcode 'outputs' to avoid re-running this script phase.\necho \"SUCCESS\" > \"${SCRIPT_OUTPUT_FILE_0}\"\n";
			showEnvVarsInLog = 0;
		};
		CC5821DBE97A87AB0838D4AE /* [CP] Embed Pods Frameworks */ = {
			isa = PBXShellScriptBuildPhase;
			buildActionMask = 2147483647;
			files = (
			);
			inputFileListPaths = (
				"${PODS_ROOT}/Target Support Files/Pods-InstagramClone/Pods-InstagramClone-frameworks-${CONFIGURATION}-input-files.xcfilelist",
			);
			name = "[CP] Embed Pods Frameworks";
			outputFileListPaths = (
				"${PODS_ROOT}/Target Support Files/Pods-InstagramClone/Pods-InstagramClone-frameworks-${CONFIGURATION}-output-files.xcfilelist",
			);
			runOnlyForDeploymentPostprocessing = 0;
			shellPath = /bin/sh;
			shellScript = "\"${PODS_ROOT}/Target Support Files/Pods-InstagramClone/Pods-InstagramClone-frameworks.sh\"\n";
			showEnvVarsInLog = 0;
		};
/* End PBXShellScriptBuildPhase section */

/* Begin PBXSourcesBuildPhase section */
		DE9D3D0629B35BA400792A64 /* Sources */ = {
			isa = PBXSourcesBuildPhase;
			buildActionMask = 2147483647;
			files = (
				DE9D3D1229B35BA400792A64 /* KayitOlController.swift in Sources */,
				DE90E8DD29B5F6A4008604F9 /* KullaniciProfilHeader.swift in Sources */,
				DE90E8D829B5ED79008604F9 /* AnaTabBarController.swift in Sources */,
				DE90E8DA29B5EE55008604F9 /* KullaniciProfilController.swift in Sources */,
				DE73E4D529C8CCFE004DCEAF /* OturumAcContorller.swift in Sources */,
				DE9D3D0E29B35BA400792A64 /* AppDelegate.swift in Sources */,
				DE9D3D1029B35BA400792A64 /* SceneDelegate.swift in Sources */,
				DE7326C929C739E100F517A5 /* Kullanici.swift in Sources */,
				DE21BE3729B4E8DA006CC365 /* ExtensionUIColor.swift in Sources */,
			);
			runOnlyForDeploymentPostprocessing = 0;
		};
/* End PBXSourcesBuildPhase section */

/* Begin PBXVariantGroup section */
		DE9D3D1329B35BA400792A64 /* Main.storyboard */ = {
			isa = PBXVariantGroup;
			children = (
				DE9D3D1429B35BA400792A64 /* Base */,
			);
			name = Main.storyboard;
			sourceTree = "<group>";
		};
		DE9D3D1829B35BA500792A64 /* LaunchScreen.storyboard */ = {
			isa = PBXVariantGroup;
			children = (
				DE9D3D1929B35BA500792A64 /* Base */,
			);
			name = LaunchScreen.storyboard;
			sourceTree = "<group>";
		};
/* End PBXVariantGroup section */

/* Begin XCBuildConfiguration section */
		DE9D3D1C29B35BA500792A64 /* Debug */ = {
			isa = XCBuildConfiguration;
			buildSettings = {
				ALWAYS_SEARCH_USER_PATHS = NO;
				CLANG_ANALYZER_NONNULL = YES;
				CLANG_ANALYZER_NUMBER_OBJECT_CONVERSION = YES_AGGRESSIVE;
				CLANG_CXX_LANGUAGE_STANDARD = "gnu++20";
				CLANG_ENABLE_MODULES = YES;
				CLANG_ENABLE_OBJC_ARC = YES;
				CLANG_ENABLE_OBJC_WEAK = YES;
				CLANG_WARN_BLOCK_CAPTURE_AUTORELEASING = YES;
				CLANG_WARN_BOOL_CONVERSION = YES;
				CLANG_WARN_COMMA = YES;
				CLANG_WARN_CONSTANT_CONVERSION = YES;
				CLANG_WARN_DEPRECATED_OBJC_IMPLEMENTATIONS = YES;
				CLANG_WARN_DIRECT_OBJC_ISA_USAGE = YES_ERROR;
				CLANG_WARN_DOCUMENTATION_COMMENTS = YES;
				CLANG_WARN_EMPTY_BODY = YES;
				CLANG_WARN_ENUM_CONVERSION = YES;
				CLANG_WARN_INFINITE_RECURSION = YES;
				CLANG_WARN_INT_CONVERSION = YES;
				CLANG_WARN_NON_LITERAL_NULL_CONVERSION = YES;
				CLANG_WARN_OBJC_IMPLICIT_RETAIN_SELF = YES;
				CLANG_WARN_OBJC_LITERAL_CONVERSION = YES;
				CLANG_WARN_OBJC_ROOT_CLASS = YES_ERROR;
				CLANG_WARN_QUOTED_INCLUDE_IN_FRAMEWORK_HEADER = YES;
				CLANG_WARN_RANGE_LOOP_ANALYSIS = YES;
				CLANG_WARN_STRICT_PROTOTYPES = YES;
				CLANG_WARN_SUSPICIOUS_MOVE = YES;
				CLANG_WARN_UNGUARDED_AVAILABILITY = YES_AGGRESSIVE;
				CLANG_WARN_UNREACHABLE_CODE = YES;
				CLANG_WARN__DUPLICATE_METHOD_MATCH = YES;
				COPY_PHASE_STRIP = NO;
				DEBUG_INFORMATION_FORMAT = dwarf;
				ENABLE_STRICT_OBJC_MSGSEND = YES;
				ENABLE_TESTABILITY = YES;
				GCC_C_LANGUAGE_STANDARD = gnu11;
				GCC_DYNAMIC_NO_PIC = NO;
				GCC_NO_COMMON_BLOCKS = YES;
				GCC_OPTIMIZATION_LEVEL = 0;
				GCC_PREPROCESSOR_DEFINITIONS = (
					"DEBUG=1",
					"$(inherited)",
				);
				GCC_WARN_64_TO_32_BIT_CONVERSION = YES;
				GCC_WARN_ABOUT_RETURN_TYPE = YES_ERROR;
				GCC_WARN_UNDECLARED_SELECTOR = YES;
				GCC_WARN_UNINITIALIZED_AUTOS = YES_AGGRESSIVE;
				GCC_WARN_UNUSED_FUNCTION = YES;
				GCC_WARN_UNUSED_VARIABLE = YES;
				IPHONEOS_DEPLOYMENT_TARGET = 16.1;
				MTL_ENABLE_DEBUG_INFO = INCLUDE_SOURCE;
				MTL_FAST_MATH = YES;
				ONLY_ACTIVE_ARCH = YES;
				SDKROOT = iphoneos;
				SWIFT_ACTIVE_COMPILATION_CONDITIONS = DEBUG;
				SWIFT_OPTIMIZATION_LEVEL = "-Onone";
			};
			name = Debug;
		};
		DE9D3D1D29B35BA500792A64 /* Release */ = {
			isa = XCBuildConfiguration;
			buildSettings = {
				ALWAYS_SEARCH_USER_PATHS = NO;
				CLANG_ANALYZER_NONNULL = YES;
				CLANG_ANALYZER_NUMBER_OBJECT_CONVERSION = YES_AGGRESSIVE;
				CLANG_CXX_LANGUAGE_STANDARD = "gnu++20";
				CLANG_ENABLE_MODULES = YES;
				CLANG_ENABLE_OBJC_ARC = YES;
				CLANG_ENABLE_OBJC_WEAK = YES;
				CLANG_WARN_BLOCK_CAPTURE_AUTORELEASING = YES;
				CLANG_WARN_BOOL_CONVERSION = YES;
				CLANG_WARN_COMMA = YES;
				CLANG_WARN_CONSTANT_CONVERSION = YES;
				CLANG_WARN_DEPRECATED_OBJC_IMPLEMENTATIONS = YES;
				CLANG_WARN_DIRECT_OBJC_ISA_USAGE = YES_ERROR;
				CLANG_WARN_DOCUMENTATION_COMMENTS = YES;
				CLANG_WARN_EMPTY_BODY = YES;
				CLANG_WARN_ENUM_CONVERSION = YES;
				CLANG_WARN_INFINITE_RECURSION = YES;
				CLANG_WARN_INT_CONVERSION = YES;
				CLANG_WARN_NON_LITERAL_NULL_CONVERSION = YES;
				CLANG_WARN_OBJC_IMPLICIT_RETAIN_SELF = YES;
				CLANG_WARN_OBJC_LITERAL_CONVERSION = YES;
				CLANG_WARN_OBJC_ROOT_CLASS = YES_ERROR;
				CLANG_WARN_QUOTED_INCLUDE_IN_FRAMEWORK_HEADER = YES;
				CLANG_WARN_RANGE_LOOP_ANALYSIS = YES;
				CLANG_WARN_STRICT_PROTOTYPES = YES;
				CLANG_WARN_SUSPICIOUS_MOVE = YES;
				CLANG_WARN_UNGUARDED_AVAILABILITY = YES_AGGRESSIVE;
				CLANG_WARN_UNREACHABLE_CODE = YES;
				CLANG_WARN__DUPLICATE_METHOD_MATCH = YES;
				COPY_PHASE_STRIP = NO;
				DEBUG_INFORMATION_FORMAT = "dwarf-with-dsym";
				ENABLE_NS_ASSERTIONS = NO;
				ENABLE_STRICT_OBJC_MSGSEND = YES;
				GCC_C_LANGUAGE_STANDARD = gnu11;
				GCC_NO_COMMON_BLOCKS = YES;
				GCC_WARN_64_TO_32_BIT_CONVERSION = YES;
				GCC_WARN_ABOUT_RETURN_TYPE = YES_ERROR;
				GCC_WARN_UNDECLARED_SELECTOR = YES;
				GCC_WARN_UNINITIALIZED_AUTOS = YES_AGGRESSIVE;
				GCC_WARN_UNUSED_FUNCTION = YES;
				GCC_WARN_UNUSED_VARIABLE = YES;
				IPHONEOS_DEPLOYMENT_TARGET = 16.1;
				MTL_ENABLE_DEBUG_INFO = NO;
				MTL_FAST_MATH = YES;
				SDKROOT = iphoneos;
				SWIFT_COMPILATION_MODE = wholemodule;
				SWIFT_OPTIMIZATION_LEVEL = "-O";
				VALIDATE_PRODUCT = YES;
			};
			name = Release;
		};
		DE9D3D1F29B35BA500792A64 /* Debug */ = {
			isa = XCBuildConfiguration;
			baseConfigurationReference = 02E5D6B37ACD4BD904F99836 /* Pods-InstagramClone.debug.xcconfig */;
			buildSettings = {
				ASSETCATALOG_COMPILER_APPICON_NAME = AppIcon;
				ASSETCATALOG_COMPILER_GLOBAL_ACCENT_COLOR_NAME = AccentColor;
				CODE_SIGN_STYLE = Automatic;
				CURRENT_PROJECT_VERSION = 1;
				DEVELOPMENT_TEAM = ZY98G8GQD4;
				GENERATE_INFOPLIST_FILE = YES;
				INFOPLIST_FILE = InstagramClone/Info.plist;
				INFOPLIST_KEY_UIApplicationSupportsIndirectInputEvents = YES;
				INFOPLIST_KEY_UILaunchStoryboardName = LaunchScreen;
				INFOPLIST_KEY_UIMainStoryboardFile = Main;
				INFOPLIST_KEY_UISupportedInterfaceOrientations_iPad = "UIInterfaceOrientationPortrait UIInterfaceOrientationPortraitUpsideDown UIInterfaceOrientationLandscapeLeft UIInterfaceOrientationLandscapeRight";
				INFOPLIST_KEY_UISupportedInterfaceOrientations_iPhone = "UIInterfaceOrientationPortrait UIInterfaceOrientationLandscapeLeft UIInterfaceOrientationLandscapeRight";
				LD_RUNPATH_SEARCH_PATHS = (
					"$(inherited)",
					"@executable_path/Frameworks",
				);
				MARKETING_VERSION = 1.0;
				PRODUCT_BUNDLE_IDENTIFIER = com.erkancosar.InstagramClone;
				PRODUCT_NAME = "$(TARGET_NAME)";
				SWIFT_EMIT_LOC_STRINGS = YES;
				SWIFT_VERSION = 5.0;
				TARGETED_DEVICE_FAMILY = "1,2";
			};
			name = Debug;
		};
		DE9D3D2029B35BA500792A64 /* Release */ = {
			isa = XCBuildConfiguration;
			baseConfigurationReference = 53AE5AE2CABF9D51377F97E8 /* Pods-InstagramClone.release.xcconfig */;
			buildSettings = {
				ASSETCATALOG_COMPILER_APPICON_NAME = AppIcon;
				ASSETCATALOG_COMPILER_GLOBAL_ACCENT_COLOR_NAME = AccentColor;
				CODE_SIGN_STYLE = Automatic;
				CURRENT_PROJECT_VERSION = 1;
				DEVELOPMENT_TEAM = ZY98G8GQD4;
				GENERATE_INFOPLIST_FILE = YES;
				INFOPLIST_FILE = InstagramClone/Info.plist;
				INFOPLIST_KEY_UIApplicationSupportsIndirectInputEvents = YES;
				INFOPLIST_KEY_UILaunchStoryboardName = LaunchScreen;
				INFOPLIST_KEY_UIMainStoryboardFile = Main;
				INFOPLIST_KEY_UISupportedInterfaceOrientations_iPad = "UIInterfaceOrientationPortrait UIInterfaceOrientationPortraitUpsideDown UIInterfaceOrientationLandscapeLeft UIInterfaceOrientationLandscapeRight";
				INFOPLIST_KEY_UISupportedInterfaceOrientations_iPhone = "UIInterfaceOrientationPortrait UIInterfaceOrientationLandscapeLeft UIInterfaceOrientationLandscapeRight";
				LD_RUNPATH_SEARCH_PATHS = (
					"$(inherited)",
					"@executable_path/Frameworks",
				);
				MARKETING_VERSION = 1.0;
				PRODUCT_BUNDLE_IDENTIFIER = com.erkancosar.InstagramClone;
				PRODUCT_NAME = "$(TARGET_NAME)";
				SWIFT_EMIT_LOC_STRINGS = YES;
				SWIFT_VERSION = 5.0;
				TARGETED_DEVICE_FAMILY = "1,2";
			};
			name = Release;
		};
/* End XCBuildConfiguration section */

/* Begin XCConfigurationList section */
		DE9D3D0529B35BA400792A64 /* Build configuration list for PBXProject "InstagramClone" */ = {
			isa = XCConfigurationList;
			buildConfigurations = (
				DE9D3D1C29B35BA500792A64 /* Debug */,
				DE9D3D1D29B35BA500792A64 /* Release */,
			);
			defaultConfigurationIsVisible = 0;
			defaultConfigurationName = Release;
		};
		DE9D3D1E29B35BA500792A64 /* Build configuration list for PBXNativeTarget "InstagramClone" */ = {
			isa = XCConfigurationList;
			buildConfigurations = (
				DE9D3D1F29B35BA500792A64 /* Debug */,
				DE9D3D2029B35BA500792A64 /* Release */,
			);
			defaultConfigurationIsVisible = 0;
			defaultConfigurationName = Release;
		};
/* End XCConfigurationList section */
	};
	rootObject = DE9D3D0229B35BA400792A64 /* Project object */;
}
